
Microsoft Visual Studio Solution File, Format Version 12.00
# Visual Studio 15
VisualStudioVersion = 15.0.28010.2016
MinimumVisualStudioVersion = 10.0.40219.1
Project("{8BC9CEB8-8B4A-11D0-8D11-00A0C91BC942}") = "Exercicio1", "Exercicio1\Exercicio1.vcxproj", "{45959A07-F3C7-4882-AD02-F452F9C46B4C}"
EndProject
Global
	GlobalSection(SolutionConfigurationPlatforms) = preSolution
		Debug|x64 = Debug|x64
		Debug|x86 = Debug|x86
		Release|x64 = Release|x64
		Release|x86 = Release|x86
	EndGlobalSection
	GlobalSection(ProjectConfigurationPlatforms) = postSolution
		{45959A07-F3C7-4882-AD02-F452F9C46B4C}.Debug|x64.ActiveCfg = Debug|x64
		{45959A07-F3C7-4882-AD02-F452F9C46B4C}.Debug|x64.Build.0 = Debug|x64
		{45959A07-F3C7-4882-AD02-F452F9C46B4C}.Debug|x86.ActiveCfg = Debug|Win32
		{45959A07-F3C7-4882-AD02-F452F9C46B4C}.Debug|x86.Build.0 = Debug|Win32
		{45959A07-F3C7-4882-AD02-F452F9C46B4C}.Release|x64.ActiveCfg = Release|x64
		{45959A07-F3C7-4882-AD02-F452F9C46B4C}.Release|x64.Build.0 = Release|x64
		{45959A07-F3C7-4882-AD02-F452F9C46B4C}.Release|x86.ActiveCfg = Release|Win32
		{45959A07-F3C7-4882-AD02-F452F9C46B4C}.Release|x86.Build.0 = Release|Win32
	EndGlobalSection
	GlobalSection(SolutionProperties) = preSolution
		HideSolutionNode = FALSE
	EndGlobalSection
	GlobalSection(ExtensibilityGlobals) = postSolution
		SolutionGuid = {9F1FDE21-2C3C-49A8-91CF-EAEF0B188349}
	EndGlobalSection
EndGlobal
