
Microsoft Visual Studio Solution File, Format Version 12.00
# Visual Studio 15
VisualStudioVersion = 15.0.28010.2016
MinimumVisualStudioVersion = 10.0.40219.1
Project("{8BC9CEB8-8B4A-11D0-8D11-00A0C91BC942}") = "exercicioTabelaEspelhamento", "exercicioTabelaEspelhamento\exercicioTabelaEspelhamento.vcxproj", "{733C35DD-718D-409F-B0A0-A6550057D497}"
EndProject
Global
	GlobalSection(SolutionConfigurationPlatforms) = preSolution
		Debug|x64 = Debug|x64
		Debug|x86 = Debug|x86
		Release|x64 = Release|x64
		Release|x86 = Release|x86
	EndGlobalSection
	GlobalSection(ProjectConfigurationPlatforms) = postSolution
		{733C35DD-718D-409F-B0A0-A6550057D497}.Debug|x64.ActiveCfg = Debug|x64
		{733C35DD-718D-409F-B0A0-A6550057D497}.Debug|x64.Build.0 = Debug|x64
		{733C35DD-718D-409F-B0A0-A6550057D497}.Debug|x86.ActiveCfg = Debug|Win32
		{733C35DD-718D-409F-B0A0-A6550057D497}.Debug|x86.Build.0 = Debug|Win32
		{733C35DD-718D-409F-B0A0-A6550057D497}.Release|x64.ActiveCfg = Release|x64
		{733C35DD-718D-409F-B0A0-A6550057D497}.Release|x64.Build.0 = Release|x64
		{733C35DD-718D-409F-B0A0-A6550057D497}.Release|x86.ActiveCfg = Release|Win32
		{733C35DD-718D-409F-B0A0-A6550057D497}.Release|x86.Build.0 = Release|Win32
	EndGlobalSection
	GlobalSection(SolutionProperties) = preSolution
		HideSolutionNode = FALSE
	EndGlobalSection
	GlobalSection(ExtensibilityGlobals) = postSolution
		SolutionGuid = {9CC1E7CD-119A-4D64-AAE4-0EBDF1F656F5}
	EndGlobalSection
EndGlobal
